
Microsoft Visual Studio Solution File, Format Version 12.00
# Visual Studio 14
VisualStudioVersion = 14.0.25420.1
MinimumVisualStudioVersion = 10.0.40219.1
Project("{FAE04EC0-301F-11D3-BF4B-00C04F79EFBC}") = "DoAnShopDongHo", "DoAnShopDongHo\DoAnShopDongHo.csproj", "{B475339C-22A4-4200-A5BD-BE4580ED11F1}"
EndProject
Project("{FAE04EC0-301F-11D3-BF4B-00C04F79EFBC}") = "KetNoiCSDL", "KetNoiCSDL\KetNoiCSDL.csproj", "{0F74DB88-4540-4905-B580-E62C7F3AD78B}"
EndProject
Project("{FAE04EC0-301F-11D3-BF4B-00C04F79EFBC}") = "DataBaseIO", "DataBaseIO\DataBaseIO.csproj", "{4753A81D-0388-4EF2-AA76-E358404A3F0A}"
EndProject
Global
	GlobalSection(SolutionConfigurationPlatforms) = preSolution
		Debug|Any CPU = Debug|Any CPU
		Release|Any CPU = Release|Any CPU
	EndGlobalSection
	GlobalSection(ProjectConfigurationPlatforms) = postSolution
		{B475339C-22A4-4200-A5BD-BE4580ED11F1}.Debug|Any CPU.ActiveCfg = Debug|Any CPU
		{B475339C-22A4-4200-A5BD-BE4580ED11F1}.Debug|Any CPU.Build.0 = Debug|Any CPU
		{B475339C-22A4-4200-A5BD-BE4580ED11F1}.Release|Any CPU.ActiveCfg = Release|Any CPU
		{B475339C-22A4-4200-A5BD-BE4580ED11F1}.Release|Any CPU.Build.0 = Release|Any CPU
		{0F74DB88-4540-4905-B580-E62C7F3AD78B}.Debug|Any CPU.ActiveCfg = Debug|Any CPU
		{0F74DB88-4540-4905-B580-E62C7F3AD78B}.Debug|Any CPU.Build.0 = Debug|Any CPU
		{0F74DB88-4540-4905-B580-E62C7F3AD78B}.Release|Any CPU.ActiveCfg = Release|Any CPU
		{0F74DB88-4540-4905-B580-E62C7F3AD78B}.Release|Any CPU.Build.0 = Release|Any CPU
		{4753A81D-0388-4EF2-AA76-E358404A3F0A}.Debug|Any CPU.ActiveCfg = Debug|Any CPU
		{4753A81D-0388-4EF2-AA76-E358404A3F0A}.Debug|Any CPU.Build.0 = Debug|Any CPU
		{4753A81D-0388-4EF2-AA76-E358404A3F0A}.Release|Any CPU.ActiveCfg = Release|Any CPU
		{4753A81D-0388-4EF2-AA76-E358404A3F0A}.Release|Any CPU.Build.0 = Release|Any CPU
	EndGlobalSection
	GlobalSection(SolutionProperties) = preSolution
		HideSolutionNode = FALSE
	EndGlobalSection
EndGlobal
